{
    "_readme": [
        "This file locks the dependencies of your project to a known state",
        "Read more about it at https://getcomposer.org/doc/01-basic-usage.md#installing-dependencies",
        "This file is @generated automatically"
    ],
    "content-hash": "245877a7a90d1c999144f29bfe5e973b",
    "packages": [
        {
            "name": "hoa/consistency",
            "version": "1.17.05.02",
            "source": {
                "type": "git",
                "url": "https://github.com/hoaproject/Consistency.git",
                "reference": "fd7d0adc82410507f332516faf655b6ed22e4c2f"
            },
            "dist": {
                "type": "zip",
                "url": "https://api.github.com/repos/hoaproject/Consistency/zipball/fd7d0adc82410507f332516faf655b6ed22e4c2f",
                "reference": "fd7d0adc82410507f332516faf655b6ed22e4c2f",
                "shasum": "",
                "mirrors": [
                    {
                        "url": "https://mirrors.aliyun.com/composer/dists/%package%/%reference%.%type%",
                        "preferred": true
                    }
                ]
            },
            "require": {
                "hoa/exception": "~1.0",
                "php": ">=5.5.0"
            },
            "require-dev": {
                "hoa/stream": "~1.0",
                "hoa/test": "~2.0"
            },
            "type": "library",
            "extra": {
                "branch-alias": {
                    "dev-master": "1.x-dev"
                }
            },
            "autoload": {
                "psr-4": {
                    "Hoa\\Consistency\\": "."
                },
                "files": [
                    "Prelude.php"
                ]
            },
            "notification-url": "https://packagist.org/downloads/",
            "license": [
                "BSD-3-Clause"
            ],
            "authors": [
                {
                    "name": "Ivan Enderlin",
                    "email": "ivan.enderlin@hoa-project.net"
                },
                {
                    "name": "Hoa community",
                    "homepage": "https://hoa-project.net/"
                }
            ],
            "description": "The Hoa\\Consistency library.",
            "homepage": "https://hoa-project.net/",
            "keywords": [
                "autoloader",
                "callable",
                "consistency",
                "entity",
                "flex",
                "keyword",
                "library"
            ],
            "time": "2017-05-02T12:18:12+00:00"
        },
        {
            "name": "hoa/console",
            "version": "3.17.05.02",
            "source": {
                "type": "git",
                "url": "https://github.com/hoaproject/Console.git",
                "reference": "e231fd3ea70e6d773576ae78de0bdc1daf331a66"
            },
            "dist": {
                "type": "zip",
                "url": "https://api.github.com/repos/hoaproject/Console/zipball/e231fd3ea70e6d773576ae78de0bdc1daf331a66",
                "reference": "e231fd3ea70e6d773576ae78de0bdc1daf331a66",
                "shasum": "",
                "mirrors": [
                    {
                        "url": "https://mirrors.aliyun.com/composer/dists/%package%/%reference%.%type%",
                        "preferred": true
                    }
                ]
            },
            "require": {
                "hoa/consistency": "~1.0",
                "hoa/event": "~1.0",
                "hoa/exception": "~1.0",
                "hoa/file": "~1.0",
                "hoa/protocol": "~1.0",
                "hoa/stream": "~1.0",
                "hoa/ustring": "~4.0"
            },
            "require-dev": {
                "hoa/test": "~2.0"
            },
            "suggest": {
                "ext-pcntl": "To enable hoa://Event/Console/Window:resize.",
                "hoa/dispatcher": "To use the console kit.",
                "hoa/router": "To use the console kit."
            },
            "type": "library",
            "extra": {
                "branch-alias": {
                    "dev-master": "3.x-dev"
                }
            },
            "autoload": {
                "psr-4": {
                    "Hoa\\Console\\": "."
                }
            },
            "notification-url": "https://packagist.org/downloads/",
            "license": [
                "BSD-3-Clause"
            ],
            "authors": [
                {
                    "name": "Ivan Enderlin",
                    "email": "ivan.enderlin@hoa-project.net"
                },
                {
                    "name": "Hoa community",
                    "homepage": "https://hoa-project.net/"
                }
            ],
            "description": "The Hoa\\Console library.",
            "homepage": "https://hoa-project.net/",
            "keywords": [
                "autocompletion",
                "chrome",
                "cli",
                "console",
                "cursor",
                "getoption",
                "library",
                "option",
                "parser",
                "processus",
                "readline",
                "terminfo",
                "tput",
                "window"
            ],
            "time": "2017-05-02T12:26:19+00:00"
        },
        {
            "name": "hoa/event",
            "version": "1.17.01.13",
            "source": {
                "type": "git",
                "url": "https://github.com/hoaproject/Event.git",
                "reference": "6c0060dced212ffa3af0e34bb46624f990b29c54"
            },
            "dist": {
                "type": "zip",
                "url": "https://api.github.com/repos/hoaproject/Event/zipball/6c0060dced212ffa3af0e34bb46624f990b29c54",
                "reference": "6c0060dced212ffa3af0e34bb46624f990b29c54",
                "shasum": "",
                "mirrors": [
                    {
                        "url": "https://mirrors.aliyun.com/composer/dists/%package%/%reference%.%type%",
                        "preferred": true
                    }
                ]
            },
            "require": {
                "hoa/consistency": "~1.0",
                "hoa/exception": "~1.0"
            },
            "require-dev": {
                "hoa/test": "~2.0"
            },
            "type": "library",
            "extra": {
                "branch-alias": {
                    "dev-master": "1.x-dev"
                }
            },
            "autoload": {
                "psr-4": {
                    "Hoa\\Event\\": "."
                }
            },
            "notification-url": "https://packagist.org/downloads/",
            "license": [
                "BSD-3-Clause"
            ],
            "authors": [
                {
                    "name": "Ivan Enderlin",
                    "email": "ivan.enderlin@hoa-project.net"
                },
                {
                    "name": "Hoa community",
                    "homepage": "https://hoa-project.net/"
                }
            ],
            "description": "The Hoa\\Event library.",
            "homepage": "https://hoa-project.net/",
            "keywords": [
                "event",
                "library",
                "listener",
                "observer"
            ],
            "time": "2017-01-13T15:30:50+00:00"
        },
        {
            "name": "hoa/exception",
            "version": "1.17.01.16",
            "source": {
                "type": "git",
                "url": "https://github.com/hoaproject/Exception.git",
                "reference": "091727d46420a3d7468ef0595651488bfc3a458f"
            },
            "dist": {
                "type": "zip",
                "url": "https://api.github.com/repos/hoaproject/Exception/zipball/091727d46420a3d7468ef0595651488bfc3a458f",
                "reference": "091727d46420a3d7468ef0595651488bfc3a458f",
                "shasum": "",
                "mirrors": [
                    {
                        "url": "https://mirrors.aliyun.com/composer/dists/%package%/%reference%.%type%",
                        "preferred": true
                    }
                ]
            },
            "require": {
                "hoa/consistency": "~1.0",
                "hoa/event": "~1.0"
            },
            "require-dev": {
                "hoa/test": "~2.0"
            },
            "type": "library",
            "extra": {
                "branch-alias": {
                    "dev-master": "1.x-dev"
                }
            },
            "autoload": {
                "psr-4": {
                    "Hoa\\Exception\\": "."
                }
            },
            "notification-url": "https://packagist.org/downloads/",
            "license": [
                "BSD-3-Clause"
            ],
            "authors": [
                {
                    "name": "Ivan Enderlin",
                    "email": "ivan.enderlin@hoa-project.net"
                },
                {
                    "name": "Hoa community",
                    "homepage": "https://hoa-project.net/"
                }
            ],
            "description": "The Hoa\\Exception library.",
            "homepage": "https://hoa-project.net/",
            "keywords": [
                "exception",
                "library"
            ],
            "time": "2017-01-16T07:53:27+00:00"
        },
        {
            "name": "hoa/file",
            "version": "1.17.07.11",
            "source": {
                "type": "git",
                "url": "https://github.com/hoaproject/File.git",
                "reference": "35cb979b779bc54918d2f9a4e02ed6c7a1fa67ca"
            },
            "dist": {
                "type": "zip",
                "url": "https://api.github.com/repos/hoaproject/File/zipball/35cb979b779bc54918d2f9a4e02ed6c7a1fa67ca",
                "reference": "35cb979b779bc54918d2f9a4e02ed6c7a1fa67ca",
                "shasum": "",
                "mirrors": [
                    {
                        "url": "https://mirrors.aliyun.com/composer/dists/%package%/%reference%.%type%",
                        "preferred": true
                    }
                ]
            },
            "require": {
                "hoa/consistency": "~1.0",
                "hoa/event": "~1.0",
                "hoa/exception": "~1.0",
                "hoa/iterator": "~2.0",
                "hoa/stream": "~1.0"
            },
            "require-dev": {
                "hoa/test": "~2.0"
            },
            "type": "library",
            "extra": {
                "branch-alias": {
                    "dev-master": "1.x-dev"
                }
            },
            "autoload": {
                "psr-4": {
                    "Hoa\\File\\": "."
                }
            },
            "notification-url": "https://packagist.org/downloads/",
            "license": [
                "BSD-3-Clause"
            ],
            "authors": [
                {
                    "name": "Ivan Enderlin",
                    "email": "ivan.enderlin@hoa-project.net"
                },
                {
                    "name": "Hoa community",
                    "homepage": "https://hoa-project.net/"
                }
            ],
            "description": "The Hoa\\File library.",
            "homepage": "https://hoa-project.net/",
            "keywords": [
                "Socket",
                "directory",
                "file",
                "finder",
                "library",
                "link",
                "temporary"
            ],
            "time": "2017-07-11T07:42:15+00:00"
        },
        {
            "name": "hoa/iterator",
            "version": "2.17.01.10",
            "source": {
                "type": "git",
                "url": "https://github.com/hoaproject/Iterator.git",
                "reference": "d1120ba09cb4ccd049c86d10058ab94af245f0cc"
            },
            "dist": {
                "type": "zip",
                "url": "https://api.github.com/repos/hoaproject/Iterator/zipball/d1120ba09cb4ccd049c86d10058ab94af245f0cc",
                "reference": "d1120ba09cb4ccd049c86d10058ab94af245f0cc",
                "shasum": "",
                "mirrors": [
                    {
                        "url": "https://mirrors.aliyun.com/composer/dists/%package%/%reference%.%type%",
                        "preferred": true
                    }
                ]
            },
            "require": {
                "hoa/consistency": "~1.0",
                "hoa/exception": "~1.0"
            },
            "require-dev": {
                "hoa/test": "~2.0"
            },
            "type": "library",
            "extra": {
                "branch-alias": {
                    "dev-master": "2.x-dev"
                }
            },
            "autoload": {
                "psr-4": {
                    "Hoa\\Iterator\\": "."
                }
            },
            "notification-url": "https://packagist.org/downloads/",
            "license": [
                "BSD-3-Clause"
            ],
            "authors": [
                {
                    "name": "Ivan Enderlin",
                    "email": "ivan.enderlin@hoa-project.net"
                },
                {
                    "name": "Hoa community",
                    "homepage": "https://hoa-project.net/"
                }
            ],
            "description": "The Hoa\\Iterator library.",
            "homepage": "https://hoa-project.net/",
            "keywords": [
                "iterator",
                "library"
            ],
            "time": "2017-01-10T10:34:47+00:00"
        },
        {
            "name": "hoa/protocol",
            "version": "1.17.01.14",
            "source": {
                "type": "git",
                "url": "https://github.com/hoaproject/Protocol.git",
                "reference": "5c2cf972151c45f373230da170ea015deecf19e2"
            },
            "dist": {
                "type": "zip",
                "url": "https://api.github.com/repos/hoaproject/Protocol/zipball/5c2cf972151c45f373230da170ea015deecf19e2",
                "reference": "5c2cf972151c45f373230da170ea015deecf19e2",
                "shasum": "",
                "mirrors": [
                    {
                        "url": "https://mirrors.aliyun.com/composer/dists/%package%/%reference%.%type%",
                        "preferred": true
                    }
                ]
            },
            "require": {
                "hoa/consistency": "~1.0",
                "hoa/exception": "~1.0"
            },
            "require-dev": {
                "hoa/test": "~2.0"
            },
            "type": "library",
            "extra": {
                "branch-alias": {
                    "dev-master": "1.x-dev"
                }
            },
            "autoload": {
                "psr-4": {
                    "Hoa\\Protocol\\": "."
                },
                "files": [
                    "Wrapper.php"
                ]
            },
            "notification-url": "https://packagist.org/downloads/",
            "license": [
                "BSD-3-Clause"
            ],
            "authors": [
                {
                    "name": "Ivan Enderlin",
                    "email": "ivan.enderlin@hoa-project.net"
                },
                {
                    "name": "Hoa community",
                    "homepage": "https://hoa-project.net/"
                }
            ],
            "description": "The Hoa\\Protocol library.",
            "homepage": "https://hoa-project.net/",
            "keywords": [
                "library",
                "protocol",
                "resource",
                "stream",
                "wrapper"
            ],
            "time": "2017-01-14T12:26:10+00:00"
        },
        {
            "name": "hoa/stream",
            "version": "1.17.02.21",
            "source": {
                "type": "git",
                "url": "https://github.com/hoaproject/Stream.git",
                "reference": "3293cfffca2de10525df51436adf88a559151d82"
            },
            "dist": {
                "type": "zip",
                "url": "https://api.github.com/repos/hoaproject/Stream/zipball/3293cfffca2de10525df51436adf88a559151d82",
                "reference": "3293cfffca2de10525df51436adf88a559151d82",
                "shasum": "",
                "mirrors": [
                    {
                        "url": "https://mirrors.aliyun.com/composer/dists/%package%/%reference%.%type%",
                        "preferred": true
                    }
                ]
            },
            "require": {
                "hoa/consistency": "~1.0",
                "hoa/event": "~1.0",
                "hoa/exception": "~1.0",
                "hoa/protocol": "~1.0"
            },
            "require-dev": {
                "hoa/test": "~2.0"
            },
            "type": "library",
            "extra": {
                "branch-alias": {
                    "dev-master": "1.x-dev"
                }
            },
            "autoload": {
                "psr-4": {
                    "Hoa\\Stream\\": "."
                }
            },
            "notification-url": "https://packagist.org/downloads/",
            "license": [
                "BSD-3-Clause"
            ],
            "authors": [
                {
                    "name": "Ivan Enderlin",
                    "email": "ivan.enderlin@hoa-project.net"
                },
                {
                    "name": "Hoa community",
                    "homepage": "https://hoa-project.net/"
                }
            ],
            "description": "The Hoa\\Stream library.",
            "homepage": "https://hoa-project.net/",
            "keywords": [
                "Context",
                "bucket",
                "composite",
                "filter",
                "in",
                "library",
                "out",
                "protocol",
                "stream",
                "wrapper"
            ],
            "time": "2017-02-21T16:01:06+00:00"
        },
        {
            "name": "hoa/ustring",
            "version": "4.17.01.16",
            "source": {
                "type": "git",
                "url": "https://github.com/hoaproject/Ustring.git",
                "reference": "e6326e2739178799b1fe3fdd92029f9517fa17a0"
            },
            "dist": {
                "type": "zip",
                "url": "https://api.github.com/repos/hoaproject/Ustring/zipball/e6326e2739178799b1fe3fdd92029f9517fa17a0",
                "reference": "e6326e2739178799b1fe3fdd92029f9517fa17a0",
                "shasum": "",
                "mirrors": [
                    {
                        "url": "https://mirrors.aliyun.com/composer/dists/%package%/%reference%.%type%",
                        "preferred": true
                    }
                ]
            },
            "require": {
                "hoa/consistency": "~1.0",
                "hoa/exception": "~1.0"
            },
            "require-dev": {
                "hoa/test": "~2.0"
            },
            "suggest": {
                "ext-iconv": "ext/iconv must be present (or a third implementation) to use Hoa\\Ustring::transcode().",
                "ext-intl": "To get a better Hoa\\Ustring::toAscii() and Hoa\\Ustring::compareTo()."
            },
            "type": "library",
            "extra": {
                "branch-alias": {
                    "dev-master": "4.x-dev"
                }
            },
            "autoload": {
                "psr-4": {
                    "Hoa\\Ustring\\": "."
                }
            },
            "notification-url": "https://packagist.org/downloads/",
            "license": [
                "BSD-3-Clause"
            ],
            "authors": [
                {
                    "name": "Ivan Enderlin",
                    "email": "ivan.enderlin@hoa-project.net"
                },
                {
                    "name": "Hoa community",
                    "homepage": "https://hoa-project.net/"
                }
            ],
            "description": "The Hoa\\Ustring library.",
            "homepage": "https://hoa-project.net/",
            "keywords": [
                "library",
                "search",
                "string",
                "unicode"
            ],
            "time": "2017-01-16T07:08:25+00:00"
        },
        {
            "name": "kevinlebrun/colors.php",
            "version": "0.4.1",
            "source": {
                "type": "git",
                "url": "https://github.com/kevinlebrun/colors.php.git",
                "reference": "d132f36d06e48ea080855af19b4bcb1fb615224a"
            },
            "dist": {
                "type": "zip",
                "url": "https://api.github.com/repos/kevinlebrun/colors.php/zipball/d132f36d06e48ea080855af19b4bcb1fb615224a",
                "reference": "d132f36d06e48ea080855af19b4bcb1fb615224a",
                "shasum": "",
                "mirrors": [
                    {
                        "url": "https://mirrors.aliyun.com/composer/dists/%package%/%reference%.%type%",
                        "preferred": true
                    }
                ]
            },
            "require": {
                "php": ">=5.3.0"
            },
            "require-dev": {
                "phpunit/phpunit": "3.7.*",
                "satooshi/php-coveralls": "dev-master",
                "squizlabs/php_codesniffer": "1.*"
            },
            "type": "library",
            "autoload": {
                "psr-0": {
                    "Colors": "src/"
                }
            },
            "notification-url": "https://packagist.org/downloads/",
            "license": [
                "MIT"
            ],
            "authors": [
                {
                    "name": "Kevin Le Brun",
                    "email": "lebrun.k@gmail.com",
                    "homepage": "http://kevinlebrun.fr",
                    "role": "developer"
                }
            ],
            "description": "Colors for PHP CLI scripts",
            "homepage": "https://github.com/kevinlebrun/colors.php",
            "keywords": [
                "cli",
                "color",
                "colors",
                "console",
                "shell"
            ],
            "time": "2014-12-23T01:23:37+00:00"
        },
        {
            "name": "nategood/commando",
            "version": "0.4.0",
            "source": {
                "type": "git",
                "url": "https://github.com/nategood/commando.git",
                "reference": "8fedd49fcb694faf60d87d5c2c4defdffa298fa0"
            },
            "dist": {
                "type": "zip",
                "url": "https://api.github.com/repos/nategood/commando/zipball/8fedd49fcb694faf60d87d5c2c4defdffa298fa0",
                "reference": "8fedd49fcb694faf60d87d5c2c4defdffa298fa0",
                "shasum": "",
                "mirrors": [
                    {
                        "url": "https://mirrors.aliyun.com/composer/dists/%package%/%reference%.%type%",
                        "preferred": true
                    }
                ]
            },
            "require": {
                "kevinlebrun/colors.php": "~0.2",
                "php": ">=5.6"
            },
            "type": "library",
            "autoload": {
                "psr-0": {
                    "Commando": "src/"
                }
            },
            "notification-url": "https://packagist.org/downloads/",
            "license": [
                "MIT"
            ],
            "authors": [
                {
                    "name": "Nate Good",
                    "email": "me@nategood.com"
                }
            ],
            "description": "PHP CLI Commando Style",
            "homepage": "http://github.com/nategood/commando",
            "keywords": [
                "automation",
                "cli",
                "command",
                "command line",
                "command line interface",
                "scripting"
            ],
            "time": "2019-07-10T02:37:11+00:00"
        },
        {
            "name": "php-webdriver/webdriver",
            "version": "1.8.2",
            "source": {
                "type": "git",
                "url": "https://github.com/php-webdriver/php-webdriver.git",
                "reference": "3308a70be084d6d7fd1ee5787b4c2e6eb4b70aab"
            },
            "dist": {
                "type": "zip",
                "url": "https://api.github.com/repos/php-webdriver/php-webdriver/zipball/3308a70be084d6d7fd1ee5787b4c2e6eb4b70aab",
                "reference": "3308a70be084d6d7fd1ee5787b4c2e6eb4b70aab",
                "shasum": "",
                "mirrors": [
                    {
                        "url": "https://mirrors.aliyun.com/composer/dists/%package%/%reference%.%type%",
                        "preferred": true
                    }
                ]
            },
            "require": {
                "ext-curl": "*",
                "ext-json": "*",
                "ext-zip": "*",
                "php": "^5.6 || ~7.0",
                "symfony/polyfill-mbstring": "^1.12",
                "symfony/process": "^2.8 || ^3.1 || ^4.0 || ^5.0"
            },
            "require-dev": {
                "friendsofphp/php-cs-fixer": "^2.0",
                "jakub-onderka/php-parallel-lint": "^1.0",
                "php-coveralls/php-coveralls": "^2.0",
                "php-mock/php-mock-phpunit": "^1.1",
                "phpunit/phpunit": "^5.7",
                "sebastian/environment": "^1.3.4 || ^2.0 || ^3.0",
                "sminnee/phpunit-mock-objects": "^3.4",
                "squizlabs/php_codesniffer": "^3.5",
                "symfony/var-dumper": "^3.3 || ^4.0 || ^5.0"
            },
            "suggest": {
                "ext-SimpleXML": "For Firefox profile creation"
            },
            "type": "library",
            "extra": {
                "branch-alias": {
                    "dev-master": "1.8.x-dev"
                }
            },
            "autoload": {
                "psr-4": {
                    "Facebook\\WebDriver\\": "lib/"
                },
                "files": [
                    "lib/Exception/TimeoutException.php"
                ]
            },
            "notification-url": "https://packagist.org/downloads/",
            "license": [
                "MIT"
            ],
            "description": "A PHP client for Selenium WebDriver. Previously facebook/webdriver.",
            "homepage": "https://github.com/php-webdriver/php-webdriver",
            "keywords": [
                "Chromedriver",
                "geckodriver",
                "php",
                "selenium",
                "webdriver"
            ],
            "time": "2020-03-04T14:40:12+00:00"
        },
        {
            "name": "symfony/polyfill-mbstring",
            "version": "v1.15.0",
            "source": {
                "type": "git",
                "url": "https://github.com/symfony/polyfill-mbstring.git",
                "reference": "81ffd3a9c6d707be22e3012b827de1c9775fc5ac"
            },
            "dist": {
                "type": "zip",
                "url": "https://api.github.com/repos/symfony/polyfill-mbstring/zipball/81ffd3a9c6d707be22e3012b827de1c9775fc5ac",
                "reference": "81ffd3a9c6d707be22e3012b827de1c9775fc5ac",
                "shasum": "",
                "mirrors": [
                    {
                        "url": "https://mirrors.aliyun.com/composer/dists/%package%/%reference%.%type%",
                        "preferred": true
                    }
                ]
            },
            "require": {
                "php": ">=5.3.3"
            },
            "suggest": {
                "ext-mbstring": "For best performance"
            },
            "type": "library",
            "extra": {
                "branch-alias": {
                    "dev-master": "1.15-dev"
                }
            },
            "autoload": {
                "psr-4": {
                    "Symfony\\Polyfill\\Mbstring\\": ""
                },
                "files": [
                    "bootstrap.php"
                ]
            },
            "notification-url": "https://packagist.org/downloads/",
            "license": [
                "MIT"
            ],
            "authors": [
                {
                    "name": "Nicolas Grekas",
                    "email": "p@tchwork.com"
                },
                {
                    "name": "Symfony Community",
                    "homepage": "https://symfony.com/contributors"
                }
            ],
            "description": "Symfony polyfill for the Mbstring extension",
            "homepage": "https://symfony.com",
            "keywords": [
                "compatibility",
                "mbstring",
                "polyfill",
                "portable",
                "shim"
            ],
            "funding": [
                {
                    "url": "https://symfony.com/sponsor",
                    "type": "custom"
                },
                {
                    "url": "https://github.com/fabpot",
                    "type": "github"
                },
                {
                    "url": "https://tidelift.com/funding/github/packagist/symfony/symfony",
                    "type": "tidelift"
                }
            ],
            "time": "2020-03-09T19:04:49+00:00"
        },
        {
            "name": "symfony/process",
            "version": "v5.0.7",
            "source": {
                "type": "git",
                "url": "https://github.com/symfony/process.git",
                "reference": "c5ca4a0fc16a0c888067d43fbcfe1f8a53d8e70e"
            },
            "dist": {
                "type": "zip",
                "url": "https://api.github.com/repos/symfony/process/zipball/c5ca4a0fc16a0c888067d43fbcfe1f8a53d8e70e",
                "reference": "c5ca4a0fc16a0c888067d43fbcfe1f8a53d8e70e",
                "shasum": "",
                "mirrors": [
                    {
                        "url": "https://mirrors.aliyun.com/composer/dists/%package%/%reference%.%type%",
                        "preferred": true
                    }
                ]
            },
            "require": {
                "php": "^7.2.5"
            },
            "type": "library",
            "extra": {
                "branch-alias": {
                    "dev-master": "5.0-dev"
                }
            },
            "autoload": {
                "psr-4": {
                    "Symfony\\Component\\Process\\": ""
                },
                "exclude-from-classmap": [
                    "/Tests/"
                ]
            },
            "notification-url": "https://packagist.org/downloads/",
            "license": [
                "MIT"
            ],
            "authors": [
                {
                    "name": "Fabien Potencier",
                    "email": "fabien@symfony.com"
                },
                {
                    "name": "Symfony Community",
                    "homepage": "https://symfony.com/contributors"
                }
            ],
            "description": "Symfony Process Component",
            "homepage": "https://symfony.com",
            "funding": [
                {
                    "url": "https://symfony.com/sponsor",
                    "type": "custom"
                },
                {
                    "url": "https://github.com/fabpot",
                    "type": "github"
                },
                {
                    "url": "https://tidelift.com/funding/github/packagist/symfony/symfony",
                    "type": "tidelift"
                }
            ],
            "time": "2020-03-27T16:56:45+00:00"
        }
    ],
    "packages-dev": [],
    "aliases": [],
    "minimum-stability": "stable",
    "stability-flags": [],
    "prefer-stable": false,
    "prefer-lowest": false,
    "platform": [],
    "platform-dev": [],
    "plugin-api-version": "1.1.0"
}
